{
  "requires": true,
  "lockfileVersion": 1,
  "dependencies": {
    "customize-cra": {
      "version": "0.9.1",
      "resolved": "http://r.cnpmjs.org/customize-cra/download/customize-cra-0.9.1.tgz",
      "integrity": "sha1-drQsT1N8FjKezMCc/v2ATQTIFVA=",
      "requires": {
        "lodash.flow": "^3.5.0"
      }
    },
    "lodash.flow": {
      "version": "3.5.0",
      "resolved": "http://r.cnpmjs.org/lodash.flow/download/lodash.flow-3.5.0.tgz",
      "integrity": "sha1-h79AKSuM+D5OjOGjrkIJ4gBxZ1o="
    },
    "react-app-rewired": {
      "version": "2.1.5",
      "resolved": "http://r.cnpmjs.org/react-app-rewired/download/react-app-rewired-2.1.5.tgz",
      "integrity": "sha1-WS7C6uXDxc2WyAkwtdw/bDTaHcY=",
      "requires": {
        "semver": "^5.6.0"
      }
    },
    "semver": {
      "version": "5.7.1",
      "resolved": "http://r.cnpmjs.org/semver/download/semver-5.7.1.tgz",
      "integrity": "sha1-qVT5Ma66UI0we78Gnv8MAclhFvc="
    }
  }
}
